
Microsoft Visual Studio Solution File, Format Version 12.00
# Visual Studio 15
Project("{FAE04EC0-301F-11D3-BF4B-00C04F79EFBC}") = "Assembly-CSharp", "Assembly-CSharp.csproj", "{9A33E421-5CE4-5495-04A7-CA3CFF15DE64}"
EndProject
Project("{FAE04EC0-301F-11D3-BF4B-00C04F79EFBC}") = "Assembly-CSharp-Editor", "Assembly-CSharp-Editor.csproj", "{F0C0E668-7D46-CB5C-2D6C-932640801EAB}"
EndProject
Global
	GlobalSection(SolutionConfigurationPlatforms) = preSolution
		Debug|Any CPU = Debug|Any CPU
		Release|Any CPU = Release|Any CPU
	EndGlobalSection
	GlobalSection(ProjectConfigurationPlatforms) = postSolution
		{9A33E421-5CE4-5495-04A7-CA3CFF15DE64}.Debug|Any CPU.ActiveCfg = Debug|Any CPU
		{9A33E421-5CE4-5495-04A7-CA3CFF15DE64}.Debug|Any CPU.Build.0 = Debug|Any CPU
		{9A33E421-5CE4-5495-04A7-CA3CFF15DE64}.Release|Any CPU.ActiveCfg = Release|Any CPU
		{9A33E421-5CE4-5495-04A7-CA3CFF15DE64}.Release|Any CPU.Build.0 = Release|Any CPU
		{F0C0E668-7D46-CB5C-2D6C-932640801EAB}.Debug|Any CPU.ActiveCfg = Debug|Any CPU
		{F0C0E668-7D46-CB5C-2D6C-932640801EAB}.Debug|Any CPU.Build.0 = Debug|Any CPU
		{F0C0E668-7D46-CB5C-2D6C-932640801EAB}.Release|Any CPU.ActiveCfg = Release|Any CPU
		{F0C0E668-7D46-CB5C-2D6C-932640801EAB}.Release|Any CPU.Build.0 = Release|Any CPU
	EndGlobalSection
	GlobalSection(SolutionProperties) = preSolution
		HideSolutionNode = FALSE
	EndGlobalSection
EndGlobal
